github.com/aws/aws-sdk-go-v2 v1.47.2 h1:4vrR4S7MUdvPiv/fxlYI/FaZCgwKuir2LpXxwCUtwWY=
github.com/aws/aws-sdk-go-v2 v1.47.2/go.mod h1:LYKdgB/k1/omdrfoQuyt6T10CvF1yw27ByBjd+ku1jk=
github.com/aws/aws-sdk-go-v2/aws/protocol/eventstream v1.7.21 h1:WKBWnr7CcxtexN5hlwQm3PQHpOiHC1yL2jT9xV1lst4=
github.com/aws/aws-sdk-go-v2/aws/protocol/eventstream v1.7.21/go.mod h1:wSsHgTuq6+1PF8bYXu69GvAtPwRqu58R54eiU3oJjPA=
github.com/aws/aws-sdk-go-v2/credentials v1.20.8 h1:ibO101be+3jJOMBCJphBXzXm9UzIq+zxr8plM2V3FHw=
github.com/aws/aws-sdk-go-v2/credentials v1.20.8/go.mod h1:gAFU+h+59h6frPO/KUG7sgcToVf1ti8i/VMImKiFpcM=
github.com/aws/aws-sdk-go-v2/internal/configsources v1.5.5 h1:JwchTNw8oqkFWMYrmFmdoS4sYgE6JJcnO+ElvME+uH4=
github.com/aws/aws-sdk-go-v2/internal/configsources v1.5.5/go.mod h1:8pc+vcibD0We5t3f/LqHxjBPkXXfgcjYQN3upxqz/Nw=
github.com/aws/aws-sdk-go-v2/internal/endpoints/v2 v2.8.5 h1:CNgkOhhgJ1anuboBDmjRLCpVlBKFV9cEvT16d4QNl/w=
github.com/aws/aws-sdk-go-v2/internal/endpoints/v2 v2.8.5/go.mod h1:SS3HIANtO8edxa4QkX+8SvbMxRm+k78QoE6EIRI81tU=
github.com/aws/aws-sdk-go-v2/internal/v4a v1.5.5 h1:rkxirozlOuMs3QuaGsDV3ll5suBdeeH6iSLFPyA5zNk=
github.com/aws/aws-sdk-go-v2/internal/v4a v1.5.5/go.mod h1:OQjoYoCdNx6tLyZNEuD0HRfHQVStBIfQyigewExdEVU=
github.com/aws/aws-sdk-go-v2/service/internal/accept-encoding v1.13.20 h1:XBYeuBbMY5LRAKOdZgzUQO1BVj3B07uYAROSapq/IWg=
github.com/aws/aws-sdk-go-v2/service/internal/accept-encoding v1.13.20/go.mod h1:XL6ZfC3ePnooN2u2LT4RNhpr/xs5TiboydyUbgr8Dmg=
github.com/aws/aws-sdk-go-v2/service/internal/checksum v1.11.6 h1:FliCmwxz1mpssINb4n9hkuX1UoReFWyatTQNASP1w7Y=
github.com/aws/aws-sdk-go-v2/service/internal/checksum v1.11.6/go.mod h1:XceXmnKHKFLu0rf8HwaILPRdGdPkec5cE/TRS21Paoc=
github.com/aws/aws-sdk-go-v2/service/internal/presigned-url v1.14.5 h1:Q2MWL+9cTKHHiXWcsPobHiOD+wx8tTc8sWZaFvFSk9Q=
github.com/aws/aws-sdk-go-v2/service/internal/presigned-url v1.14.5/go.mod h1:U8tTityyPbgc90QwGOha8XsrQpLIjpGUS7+Q+4prM+Q=
github.com/aws/aws-sdk-go-v2/service/internal/s3shared v1.20.5 h1:N+38YVfwy+jsA7GtJyTiljl6eBxtdjaz+NZ+FZWWqUk=
github.com/aws/aws-sdk-go-v2/service/internal/s3shared v1.20.5/go.mod h1:/PlQk/JQU5HfvBKMBXbqqLAnmyy/VcfPR9j5OcLmy5s=
github.com/aws/aws-sdk-go-v2/service/s3 v1.114.2 h1:BOB0aJVVaZzjOz7czfgrEJNObTMvu+DEaBrNR+Up4VU=
github.com/aws/aws-sdk-go-v2/service/s3 v1.114.2/go.mod h1:n0cd8OKteromGbGyZfQXziazjV0q+QHDHwlB3miEKw0=
github.com/aws/smithy-go v1.28.4 h1:vzBmFpcRUtotqGPfmnro2W2Pgg3mk103n9sZhNJY9YU=
github.com/aws/smithy-go v1.28.4/go.mod h1:YE2RhdIuDbA5E5bTdciG9KrW3+TiEONeUWCqxX9i1Fc=
github.com/davecgh/go-spew v1.1.1 h1:vj9j/u1bqnvCEfJOwUhtlOARqs3+rkHYY13jYWTU97c=
github.com/davecgh/go-spew v1.1.1/go.mod h1:J7Y8YcW2NihsgmVo/mv3lAwl/skON4iLHjSsI+c5H38=
github.com/geoffgarside/ber v1.1.0/go.mod h1:jVPKeCbj6MvQZhwLYsGwaGI52oUorHoHKNecGT85ZCc=
github.com/geoffgarside/ber v1.2.0 h1:/loowoRcs/MWLYmGX9QtIAbA+V/FrnVLsMMPhwiRm64=
github.com/geoffgarside/ber v1.2.0/go.mod h1:jVPKeCbj6MvQZhwLYsGwaGI52oUorHoHKNecGT85ZCc=
github.com/golang-jwt/jwt/v5 v5.3.1 h1:kYf81DTWFe7t+1VvL7eS+jKFVWaUnK9cB1qbwn63YCY=
github.com/golang-jwt/jwt/v5 v5.3.1/go.mod h1:fxCRLWMO43lRc8nhHWY6LGqRcf+1gQWArsqaEUEa5bE=
github.com/hirochachacha/go-smb2 v1.1.0 h1:b6hs9qKIql9eVXAiN0M2wSFY5xnhbHAQoCwRKbaRTZI=
github.com/hirochachacha/go-smb2 v1.1.0/go.mod h1:8F1A4d5EZzrGu5R7PU163UcMRDJQl4FtcxjBfsY8TZE=
github.com/klauspost/compress v1.20.1 h1:T7kKElXUMXrUJ2E9QhQhxFtcK5rPyLdsGZvdbLMPdiQ=
github.com/klauspost/compress v1.20.1/go.mod h1:LUdAzn7YLVvxLpc7y3V1m40wESHTgc1422pwwBSKYuI=
github.com/kr/fs v0.1.0 h1:Jskdu9ieNAYnjxsi0LbQp1ulIKZV1LAFgK1tWhpZgl8=
github.com/kr/fs v0.1.0/go.mod h1:FFnZGqtBN9Gxj7eW1uZ42v5BccTP0vu6NEaFoC2HwRg=
github.com/opencontainers/go-digest v1.0.0 h1:apOUWs51W5PlhuyGyz9FCeeBIOUDA/6nW8Oi/yOhh5U=
github.com/opencontainers/go-digest v1.0.0/go.mod h1:0JzlMkj0TRzQZfJkVvzbP0HBR3IKzErnv2BNG4W4MAM=
github.com/opencontainers/image-spec v1.1.1 h1:y0fUlFfIZhPF1W537XOLg0/fcx6zcHCJwooC2xJA040=
github.com/opencontainers/image-spec v1.1.1/go.mod h1:qpqAh3Dmcf36wStyyWU+kCeDgrGnAve2nCC8+7h8Q0M=
github.com/pelletier/go-toml/v2 v2.4.3 h1:GTRvJQutkOSftxIFD5xw9aepkYNuPWmVJpffdDPYVpY=
github.com/pelletier/go-toml/v2 v2.4.3/go.mod h1:2gIqNv+qfxSVS7cM2xJQKtLSTLUE9V8t9Stt+h56mCY=
github.com/pkg/sftp v1.13.11 h1:0N92SLTB8JqASJB14ZLHHzFnBV8mG9zw4K7jghEFWuE=
github.com/pkg/sftp v1.13.11/go.mod h1:uNkH9roSXglNJqM+glJJi+TQXQUm0fXFWqCFmT8hsN0=
github.com/pmezard/go-difflib v1.0.0 h1:4DBwDE0NGyQoBHbLQYPwSUPoCMWR5BEzIk/f1lZbAQM=
github.com/pmezard/go-difflib v1.0.0/go.mod h1:iKH77koFhYxTK1pcRnkKkqfTogsbg7gZNVY4sRDYZ/4=
github.com/stretchr/testify v1.11.1 h1:7s2iGBzp5EwR7/aIZr8ao5+dra3wiQyKjjFuvgVKu7U=
github.com/stretchr/testify v1.11.1/go.mod h1:wZwfW3scLgRK+23gO65QZefKpKQRnfz6sD981Nm4B6U=
github.com/ulikunitz/xz v0.5.17 h1:flR0y/x1hgM8EGV1AW3Xll6T413G0glV8UfBwR617V4=
github.com/ulikunitz/xz v0.5.17/go.mod h1:H9Rt/W6/Qj27PGauhQc6nfCDy7vHpzsOThBSaYDoEhw=
golang.org/x/crypto v0.0.0-20190308221718-c2843e01d9a2/go.mod h1:djNgcEr1/C05ACkg1iLfiJU5Ep61QUkGW8qpdssI0+w=
golang.org/x/crypto v0.0.0-20200728195943-123391ffb6de/go.mod h1:LzIPMQfyMNhhGPhUkYOs5KpL4U8rLKemX1yGLhDgUto=
golang.org/x/crypto v0.57.0 h1:3ZVCjf8Ggz7zneR/EHRVx68Ctf+2pmIMP2UFhh9cC6M=
golang.org/x/crypto v0.57.0/go.mod h1:Fdz0i5U6CoizGwLda9DttjSk6qlZo25zYNtR+ycvuZA=
golang.org/x/net v0.0.0-20190404232315-eb5bcb51f2a3/go.mod h1:t9HGtf8HONx5eT2rtn7q6eTqICYqUVnKs3thJo3Qplg=
golang.org/x/sys v0.0.0-20190215142949-d0b11bdaac8a/go.mod h1:STP8DvDyc/dI5b8T5hshtkjS+E42TnysNCUPdjciGhY=
golang.org/x/sys v0.0.0-20190412213103-97732733099d/go.mod h1:h1NjWce9XRLGQEsW7wpKNCjG9DtNlClVuFLEZdDNbEs=
golang.org/x/sys v0.48.0 h1:bbX/i/6MgT9BVLM9RT1thmxL04yeTAhbEz4SyadbXoo=
golang.org/x/sys v0.48.0/go.mod h1:hNLxWAXmnKAxqDtdwIYC4bM9oQPEecfsnNMuSxOs3og=
golang.org/x/term v0.46.0 h1:3+OXuTbaKDgwk8jTi3aSLHRlmWqHEUDUtxnbFigO4YE=
golang.org/x/term v0.46.0/go.mod h1:+K02xbkittuwc0Am4abfA3Fc+XRGXkvBXNO88NCXPoc=
golang.org/x/text v0.3.0/go.mod h1:NqM8EUOU14njkJ3fqMW+pc6Ldnwhi/IjpwHt7yyuwOQ=
golang.org/x/text v0.42.0 h1:JbOZXgfeCPU9gacVtYliJqOhD+zhrEqK4LfdpmlUZqI=
golang.org/x/text v0.42.0/go.mod h1:ojzP1Z+2QtioaF8DTtO8K5q7JWVVYwZKenzujK0Zd0E=
gopkg.in/yaml.v3 v3.0.1 h1:fxVm/GzAzEWqLHuvctI91KS9hhNmmWOoWu0XTYJS7CA=
gopkg.in/yaml.v3 v3.0.1/go.mod h1:K4uyk7z7BCEPqu6E+C64Yfv1cQ7kz7rIZviUmN+EgEM=
